{
  "name": "shutterbug",
  "version": "0.6.0",
  "lockfileVersion": 1,
  "requires": true,
  "dependencies": {
    "after-brunch": {
      "version": "0.0.5",
      "resolved": "https://registry.npmjs.org/after-brunch/-/after-brunch-0.0.5.tgz",
      "integrity": "sha1-mMHBxGgM1w9eKfI5hFjuvWQKkf8=",
      "dev": true
    },
    "amdefine": {
      "version": "1.0.1",
      "resolved": "https://registry.npmjs.org/amdefine/-/amdefine-1.0.1.tgz",
      "integrity": "sha1-SlKCrBZHKek2Gbz9OtFR+BfOkfU=",
      "dev": true
    },
    "async": {
      "version": "0.2.10",
      "resolved": "https://registry.npmjs.org/async/-/async-0.2.10.tgz",
      "integrity": "sha1-trvgsGdLnXGXCMo43owjfLUmw9E=",
      "dev": true
    },
    "auto-reload-brunch": {
      "version": "1.7.8",
      "resolved": "https://registry.npmjs.org/auto-reload-brunch/-/auto-reload-brunch-1.7.8.tgz",
      "integrity": "sha1-u+GTsmrYRlZpXMmpwLeyZVWZKx4=",
      "dev": true,
      "requires": {
        "ws": "0.7.2"
      }
    },
    "camelcase": {
      "version": "1.2.1",
      "resolved": "https://registry.npmjs.org/camelcase/-/camelcase-1.2.1.tgz",
      "integrity": "sha1-m7UwTS4LVmmLLHWLCKPqqdqlijk=",
      "dev": true
    },
    "clean-css": {
      "version": "3.1.9",
      "resolved": "https://registry.npmjs.org/clean-css/-/clean-css-3.1.9.tgz",
      "integrity": "sha1-29BaFIvklDuzfOBnnmdsvJ9YAmY=",
      "dev": true,
      "requires": {
        "commander": "2.6.0",
        "source-map": "0.1.43"
      }
    },
    "clean-css-brunch": {
      "version": "1.7.2",
      "resolved": "https://registry.npmjs.org/clean-css-brunch/-/clean-css-brunch-1.7.2.tgz",
      "integrity": "sha1-FOhan5VzjBXNhZ3JP5gqGZewIKo=",
      "dev": true,
      "requires": {
        "clean-css": "3.1.9"
      }
    },
    "commander": {
      "version": "2.6.0",
      "resolved": "https://registry.npmjs.org/commander/-/commander-2.6.0.tgz",
      "integrity": "sha1-nfflL7Kgyw+4kFjugMMQQiXzfh0=",
      "dev": true
    },
    "css-brunch": {
      "version": "1.7.0",
      "resolved": "https://registry.npmjs.org/css-brunch/-/css-brunch-1.7.0.tgz",
      "integrity": "sha1-JYwbA4qXCECvDGqOVYL2FAUClNo=",
      "dev": true
    },
    "decamelize": {
      "version": "1.2.0",
      "resolved": "https://registry.npmjs.org/decamelize/-/decamelize-1.2.0.tgz",
      "integrity": "sha1-9lNNFRSCabIDUue+4m9QH5oZEpA=",
      "dev": true
    },
    "esprima": {
      "version": "1.0.4",
      "resolved": "https://registry.npmjs.org/esprima/-/esprima-1.0.4.tgz",
      "integrity": "sha1-n1V+CPw7TSbs6d00+Pv0drYlha0=",
      "dev": true
    },
    "javascript-brunch": {
      "version": "1.7.1",
      "resolved": "https://registry.npmjs.org/javascript-brunch/-/javascript-brunch-1.7.1.tgz",
      "integrity": "sha1-gIEMzYzloix1JaRsC7lLS7nYGF0=",
      "dev": true,
      "requires": {
        "esprima": "1.0.4"
      }
    },
    "jquery": {
      "version": "3.2.1",
      "resolved": "https://registry.npmjs.org/jquery/-/jquery-3.2.1.tgz",
      "integrity": "sha1-XE2d5lKvbNCncBVKYxu6ErAVx4c="
    },
    "options": {
      "version": "0.0.6",
      "resolved": "https://registry.npmjs.org/options/-/options-0.0.6.tgz",
      "integrity": "sha1-7CLTEoBrtT5zF3Pnza788cZDEo8=",
      "dev": true
    },
    "source-map": {
      "version": "0.1.43",
      "resolved": "https://registry.npmjs.org/source-map/-/source-map-0.1.43.tgz",
      "integrity": "sha1-wkvBRspRfBRx9drL4lcbK3+eM0Y=",
      "dev": true,
      "requires": {
        "amdefine": "1.0.1"
      }
    },
    "uglify-js": {
      "version": "2.4.24",
      "resolved": "https://registry.npmjs.org/uglify-js/-/uglify-js-2.4.24.tgz",
      "integrity": "sha1-+tV1XB4Vd2WLsG/5q25UjJW+vW4=",
      "dev": true,
      "requires": {
        "async": "0.2.10",
        "source-map": "0.1.34",
        "uglify-to-browserify": "1.0.2",
        "yargs": "3.5.4"
      },
      "dependencies": {
        "source-map": {
          "version": "0.1.34",
          "resolved": "https://registry.npmjs.org/source-map/-/source-map-0.1.34.tgz",
          "integrity": "sha1-p8/omux7FoLDsZjQrPtH19CQVms=",
          "dev": true,
          "requires": {
            "amdefine": "1.0.1"
          }
        }
      }
    },
    "uglify-js-brunch": {
      "version": "1.7.8",
      "resolved": "https://registry.npmjs.org/uglify-js-brunch/-/uglify-js-brunch-1.7.8.tgz",
      "integrity": "sha1-s23/vNGc/qJySNNHl+/+8a6dOmI=",
      "dev": true,
      "requires": {
        "uglify-js": "2.4.24"
      }
    },
    "uglify-to-browserify": {
      "version": "1.0.2",
      "resolved": "https://registry.npmjs.org/uglify-to-browserify/-/uglify-to-browserify-1.0.2.tgz",
      "integrity": "sha1-bgkk1r2mta/jSeOabWMoUKD4grc=",
      "dev": true
    },
    "ultron": {
      "version": "1.0.2",
      "resolved": "https://registry.npmjs.org/ultron/-/ultron-1.0.2.tgz",
      "integrity": "sha1-rOEWq1V80Zc4ak6I9GhTeMiy5Po=",
      "dev": true
    },
    "window-size": {
      "version": "0.1.0",
      "resolved": "https://registry.npmjs.org/window-size/-/window-size-0.1.0.tgz",
      "integrity": "sha1-VDjNLqk7IC76Ohn+iIeu58lPnJ0=",
      "dev": true
    },
    "wordwrap": {
      "version": "0.0.2",
      "resolved": "https://registry.npmjs.org/wordwrap/-/wordwrap-0.0.2.tgz",
      "integrity": "sha1-t5Zpu0LstAn4PVg8rVLKF+qhZD8=",
      "dev": true
    },
    "ws": {
      "version": "0.7.2",
      "resolved": "https://registry.npmjs.org/ws/-/ws-0.7.2.tgz",
      "integrity": "sha1-Q4xWC9+it9o91ba0btYTJcJGmdg=",
      "dev": true,
      "requires": {
        "options": "0.0.6",
        "ultron": "1.0.2"
      }
    },
    "yargs": {
      "version": "3.5.4",
      "resolved": "https://registry.npmjs.org/yargs/-/yargs-3.5.4.tgz",
      "integrity": "sha1-2K/49mXpTDS9JZvevRv68N3TU2E=",
      "dev": true,
      "requires": {
        "camelcase": "1.2.1",
        "decamelize": "1.2.0",
        "window-size": "0.1.0",
        "wordwrap": "0.0.2"
      }
    }
  }
}
